{
    "_meta": {
        "hash": {
            "sha256": "9279fa6395829545bd344630027dde7f34eb551f03d8e21729c99503d71786f6"
        },
        "pipfile-spec": 6,
        "requires": {
            "python_version": "3.11"
        },
        "sources": [
            {
                "name": "pypi",
                "url": "https://pypi.org/simple",
                "verify_ssl": true
            }
        ]
    },
    "default": {},
    "develop": {}
}
